
Microsoft Visual Studio Solution File, Format Version 12.00
# Visual Studio Version 17
VisualStudioVersion = 17.0.31912.275
MinimumVisualStudioVersion = 10.0.40219.1
Project("{FAE04EC0-301F-11D3-BF4B-00C04F79EFBC}") = "ConsoleAppLesson9", "ConsoleAppLesson9\ConsoleAppLesson9.csproj", "{CAC922DA-E6DC-452B-9DEE-3E720B4DA865}"
EndProject
Global
	GlobalSection(SolutionConfigurationPlatforms) = preSolution
		Debug|Any CPU = Debug|Any CPU
		Release|Any CPU = Release|Any CPU
	EndGlobalSection
	GlobalSection(ProjectConfigurationPlatforms) = postSolution
		{CAC922DA-E6DC-452B-9DEE-3E720B4DA865}.Debug|Any CPU.ActiveCfg = Debug|Any CPU
		{CAC922DA-E6DC-452B-9DEE-3E720B4DA865}.Debug|Any CPU.Build.0 = Debug|Any CPU
		{CAC922DA-E6DC-452B-9DEE-3E720B4DA865}.Release|Any CPU.ActiveCfg = Release|Any CPU
		{CAC922DA-E6DC-452B-9DEE-3E720B4DA865}.Release|Any CPU.Build.0 = Release|Any CPU
	EndGlobalSection
	GlobalSection(SolutionProperties) = preSolution
		HideSolutionNode = FALSE
	EndGlobalSection
	GlobalSection(ExtensibilityGlobals) = postSolution
		SolutionGuid = {06D0511A-FD0A-4539-9149-915F2DA1A8FC}
	EndGlobalSection
EndGlobal
